
Microsoft Visual Studio Solution File, Format Version 12.00
# Visual Studio Version 17
VisualStudioVersion = 17.11.35208.52
MinimumVisualStudioVersion = 10.0.40219.1
Project("{FAE04EC0-301F-11D3-BF4B-00C04F79EFBC}") = "Vacancies", "Vacancies.csproj", "{FA38888D-5E80-4CB1-878E-45322FC845B1}"
EndProject
Global
	GlobalSection(SolutionConfigurationPlatforms) = preSolution
		Debug|Any CPU = Debug|Any CPU
		Release|Any CPU = Release|Any CPU
	EndGlobalSection
	GlobalSection(ProjectConfigurationPlatforms) = postSolution
		{FA38888D-5E80-4CB1-878E-45322FC845B1}.Debug|Any CPU.ActiveCfg = Debug|Any CPU
		{FA38888D-5E80-4CB1-878E-45322FC845B1}.Debug|Any CPU.Build.0 = Debug|Any CPU
		{FA38888D-5E80-4CB1-878E-45322FC845B1}.Release|Any CPU.ActiveCfg = Release|Any CPU
		{FA38888D-5E80-4CB1-878E-45322FC845B1}.Release|Any CPU.Build.0 = Release|Any CPU
	EndGlobalSection
	GlobalSection(SolutionProperties) = preSolution
		HideSolutionNode = FALSE
	EndGlobalSection
	GlobalSection(ExtensibilityGlobals) = postSolution
		SolutionGuid = {16F86748-BF82-4B9A-BC86-4C4DB7B5B07B}
	EndGlobalSection
EndGlobal
