
Microsoft Visual Studio Solution File, Format Version 12.00
# Visual Studio Version 17
VisualStudioVersion = 17.11.35208.52
MinimumVisualStudioVersion = 10.0.40219.1
Project("{54A90642-561A-4BB1-A94E-469ADEE60C69}") = "front-end", "front-end\front-end.esproj", "{9FCEA4A0-F74D-49CE-BA2D-7472EFD45318}"
EndProject
Global
	GlobalSection(SolutionConfigurationPlatforms) = preSolution
		Debug|Any CPU = Debug|Any CPU
		Release|Any CPU = Release|Any CPU
	EndGlobalSection
	GlobalSection(ProjectConfigurationPlatforms) = postSolution
		{9FCEA4A0-F74D-49CE-BA2D-7472EFD45318}.Debug|Any CPU.ActiveCfg = Debug|Any CPU
		{9FCEA4A0-F74D-49CE-BA2D-7472EFD45318}.Debug|Any CPU.Build.0 = Debug|Any CPU
		{9FCEA4A0-F74D-49CE-BA2D-7472EFD45318}.Debug|Any CPU.Deploy.0 = Debug|Any CPU
		{9FCEA4A0-F74D-49CE-BA2D-7472EFD45318}.Release|Any CPU.ActiveCfg = Release|Any CPU
		{9FCEA4A0-F74D-49CE-BA2D-7472EFD45318}.Release|Any CPU.Build.0 = Release|Any CPU
		{9FCEA4A0-F74D-49CE-BA2D-7472EFD45318}.Release|Any CPU.Deploy.0 = Release|Any CPU
	EndGlobalSection
	GlobalSection(SolutionProperties) = preSolution
		HideSolutionNode = FALSE
	EndGlobalSection
	GlobalSection(ExtensibilityGlobals) = postSolution
		SolutionGuid = {194CEF70-895C-49AF-A7E0-D38DB10A7639}
	EndGlobalSection
EndGlobal
